
Microsoft Visual Studio Solution File, Format Version 12.00
# Visual Studio Version 17
VisualStudioVersion = 17.11.35327.3
MinimumVisualStudioVersion = 10.0.40219.1
Project("{FAE04EC0-301F-11D3-BF4B-00C04F79EFBC}") = "Assignment 2 - IFN556", "Assignment 2 - IFN556\Assignment 2 - IFN556.csproj", "{16A31A5B-B1FB-495F-893A-49A2CC4C18E0}"
EndProject
Global
	GlobalSection(SolutionConfigurationPlatforms) = preSolution
		Debug|Any CPU = Debug|Any CPU
		Release|Any CPU = Release|Any CPU
	EndGlobalSection
	GlobalSection(ProjectConfigurationPlatforms) = postSolution
		{16A31A5B-B1FB-495F-893A-49A2CC4C18E0}.Debug|Any CPU.ActiveCfg = Debug|Any CPU
		{16A31A5B-B1FB-495F-893A-49A2CC4C18E0}.Debug|Any CPU.Build.0 = Debug|Any CPU
		{16A31A5B-B1FB-495F-893A-49A2CC4C18E0}.Release|Any CPU.ActiveCfg = Release|Any CPU
		{16A31A5B-B1FB-495F-893A-49A2CC4C18E0}.Release|Any CPU.Build.0 = Release|Any CPU
	EndGlobalSection
	GlobalSection(SolutionProperties) = preSolution
		HideSolutionNode = FALSE
	EndGlobalSection
	GlobalSection(ExtensibilityGlobals) = postSolution
		SolutionGuid = {1B6FE570-52DB-41EF-9015-DA79BE53D474}
	EndGlobalSection
EndGlobal
